// !$*UTF8*$!
{
	archiveVersion = 1;
	classes = {
	};
	objectVersion = 77;
	objects = {

/* Begin PBXBuildFile section */
		2B12886C2D9F36370056CAB7 /* SolanaSwift in Frameworks */ = {isa = PBXBuildFile; productRef = 2B12886B2D9F36370056CAB7 /* SolanaSwift */; };
		2B12886F2D9F3AF00056CAB7 /* AsyncButton in Frameworks */ = {isa = PBXBuildFile; productRef = 2B12886E2D9F3AF00056CAB7 /* AsyncButton */; };
		2BA5EC3E2D9D64B900F70F84 /* ReownAppKit in Frameworks */ = {isa = PBXBuildFile; productRef = 2BA5EC3D2D9D64B900F70F84 /* ReownAppKit */; };
		2BA5EC402D9D64B900F70F84 /* ReownAppKitUI in Frameworks */ = {isa = PBXBuildFile; productRef = 2BA5EC3F2D9D64B900F70F84 /* ReownAppKitUI */; };
		2BA5EC422D9D64B900F70F84 /* ReownRouter in Frameworks */ = {isa = PBXBuildFile; productRef = 2BA5EC412D9D64B900F70F84 /* ReownRouter */; };
		2BA5EC442D9D64B900F70F84 /* ReownWalletKit in Frameworks */ = {isa = PBXBuildFile; productRef = 2BA5EC432D9D64B900F70F84 /* ReownWalletKit */; };
		2BA5EC462D9D64B900F70F84 /* WalletConnect in Frameworks */ = {isa = PBXBuildFile; productRef = 2BA5EC452D9D64B900F70F84 /* WalletConnect */; };
		2BA5EC482D9D64B900F70F84 /* WalletConnectIdentity in Frameworks */ = {isa = PBXBuildFile; productRef = 2BA5EC472D9D64B900F70F84 /* WalletConnectIdentity */; };
		2BA5EC4A2D9D64B900F70F84 /* WalletConnectNetworking in Frameworks */ = {isa = PBXBuildFile; productRef = 2BA5EC492D9D64B900F70F84 /* WalletConnectNetworking */; };
		2BA5EC4C2D9D64B900F70F84 /* WalletConnectNotify in Frameworks */ = {isa = PBXBuildFile; productRef = 2BA5EC4B2D9D64B900F70F84 /* WalletConnectNotify */; };
		2BA5EC4E2D9D64B900F70F84 /* WalletConnectPairing in Frameworks */ = {isa = PBXBuildFile; productRef = 2BA5EC4D2D9D64B900F70F84 /* WalletConnectPairing */; };
		2BA5EC502D9D64B900F70F84 /* WalletConnectPush in Frameworks */ = {isa = PBXBuildFile; productRef = 2BA5EC4F2D9D64B900F70F84 /* WalletConnectPush */; };
		2BA5EC522D9D64B900F70F84 /* WalletConnectVerify in Frameworks */ = {isa = PBXBuildFile; productRef = 2BA5EC512D9D64B900F70F84 /* WalletConnectVerify */; };
		2BA5EC542D9D64B900F70F84 /* YttriumWrapper in Frameworks */ = {isa = PBXBuildFile; productRef = 2BA5EC532D9D64B900F70F84 /* YttriumWrapper */; };
		2BDD617A2D9D541000E7A929 /* Starscream in Frameworks */ = {isa = PBXBuildFile; productRef = 2BDD61792D9D541000E7A929 /* Starscream */; };
		2BDD61BF2D9D61CF00E7A929 /* Web3 in Frameworks */ = {isa = PBXBuildFile; productRef = 2BDD61BE2D9D61CF00E7A929 /* Web3 */; };
		2BDD61C12D9D61CF00E7A929 /* Web3ContractABI in Frameworks */ = {isa = PBXBuildFile; productRef = 2BDD61C02D9D61CF00E7A929 /* Web3ContractABI */; };
		2BDD61C32D9D61CF00E7A929 /* Web3PromiseKit in Frameworks */ = {isa = PBXBuildFile; productRef = 2BDD61C22D9D61CF00E7A929 /* Web3PromiseKit */; };
/* End PBXBuildFile section */

/* Begin PBXFileReference section */
		2BF7386D2D9C61150084D3E9 /* wallet-example.app */ = {isa = PBXFileReference; explicitFileType = wrapper.application; includeInIndex = 0; path = "wallet-example.app"; sourceTree = BUILT_PRODUCTS_DIR; };
/* End PBXFileReference section */

/* Begin PBXFileSystemSynchronizedRootGroup section */
		2BF7386F2D9C61150084D3E9 /* wallet-example */ = {
			isa = PBXFileSystemSynchronizedRootGroup;
			path = "wallet-example";
			sourceTree = "<group>";
		};
/* End PBXFileSystemSynchronizedRootGroup section */

/* Begin PBXFrameworksBuildPhase section */
		2BF7386A2D9C61150084D3E9 /* Frameworks */ = {
			isa = PBXFrameworksBuildPhase;
			buildActionMask = 2147483647;
			files = (
				2BDD61BF2D9D61CF00E7A929 /* Web3 in Frameworks */,
				2BA5EC482D9D64B900F70F84 /* WalletConnectIdentity in Frameworks */,
				2B12886F2D9F3AF00056CAB7 /* AsyncButton in Frameworks */,
				2BA5EC502D9D64B900F70F84 /* WalletConnectPush in Frameworks */,
				2BA5EC4A2D9D64B900F70F84 /* WalletConnectNetworking in Frameworks */,
				2BA5EC442D9D64B900F70F84 /* ReownWalletKit in Frameworks */,
				2BA5EC4C2D9D64B900F70F84 /* WalletConnectNotify in Frameworks */,
				2BA5EC4E2D9D64B900F70F84 /* WalletConnectPairing in Frameworks */,
				2BDD617A2D9D541000E7A929 /* Starscream in Frameworks */,
				2BDD61C12D9D61CF00E7A929 /* Web3ContractABI in Frameworks */,
				2BA5EC402D9D64B900F70F84 /* ReownAppKitUI in Frameworks */,
				2BDD61C32D9D61CF00E7A929 /* Web3PromiseKit in Frameworks */,
				2BA5EC542D9D64B900F70F84 /* YttriumWrapper in Frameworks */,
				2B12886C2D9F36370056CAB7 /* SolanaSwift in Frameworks */,
				2BA5EC522D9D64B900F70F84 /* WalletConnectVerify in Frameworks */,
				2BA5EC462D9D64B900F70F84 /* WalletConnect in Frameworks */,
				2BA5EC3E2D9D64B900F70F84 /* ReownAppKit in Frameworks */,
				2BA5EC422D9D64B900F70F84 /* ReownRouter in Frameworks */,
			);
			runOnlyForDeploymentPostprocessing = 0;
		};
/* End PBXFrameworksBuildPhase section */

/* Begin PBXGroup section */
		2BF738642D9C61150084D3E9 = {
			isa = PBXGroup;
			children = (
				2BF7386F2D9C61150084D3E9 /* wallet-example */,
				2BF7386E2D9C61150084D3E9 /* Products */,
			);
			sourceTree = "<group>";
		};
		2BF7386E2D9C61150084D3E9 /* Products */ = {
			isa = PBXGroup;
			children = (
				2BF7386D2D9C61150084D3E9 /* wallet-example.app */,
			);
			name = Products;
			sourceTree = "<group>";
		};
/* End PBXGroup section */

/* Begin PBXNativeTarget section */
		2BF7386C2D9C61150084D3E9 /* wallet-example */ = {
			isa = PBXNativeTarget;
			buildConfigurationList = 2BF7387B2D9C61170084D3E9 /* Build configuration list for PBXNativeTarget "wallet-example" */;
			buildPhases = (
				2BF738692D9C61150084D3E9 /* Sources */,
				2BF7386A2D9C61150084D3E9 /* Frameworks */,
				2BF7386B2D9C61150084D3E9 /* Resources */,
			);
			buildRules = (
			);
			dependencies = (
			);
			fileSystemSynchronizedGroups = (
				2BF7386F2D9C61150084D3E9 /* wallet-example */,
			);
			name = "wallet-example";
			packageProductDependencies = (
				2BDD61792D9D541000E7A929 /* Starscream */,
				2BDD61BE2D9D61CF00E7A929 /* Web3 */,
				2BDD61C02D9D61CF00E7A929 /* Web3ContractABI */,
				2BDD61C22D9D61CF00E7A929 /* Web3PromiseKit */,
				2BA5EC3D2D9D64B900F70F84 /* ReownAppKit */,
				2BA5EC3F2D9D64B900F70F84 /* ReownAppKitUI */,
				2BA5EC412D9D64B900F70F84 /* ReownRouter */,
				2BA5EC432D9D64B900F70F84 /* ReownWalletKit */,
				2BA5EC452D9D64B900F70F84 /* WalletConnect */,
				2BA5EC472D9D64B900F70F84 /* WalletConnectIdentity */,
				2BA5EC492D9D64B900F70F84 /* WalletConnectNetworking */,
				2BA5EC4B2D9D64B900F70F84 /* WalletConnectNotify */,
				2BA5EC4D2D9D64B900F70F84 /* WalletConnectPairing */,
				2BA5EC4F2D9D64B900F70F84 /* WalletConnectPush */,
				2BA5EC512D9D64B900F70F84 /* WalletConnectVerify */,
				2BA5EC532D9D64B900F70F84 /* YttriumWrapper */,
				2B12886B2D9F36370056CAB7 /* SolanaSwift */,
				2B12886E2D9F3AF00056CAB7 /* AsyncButton */,
			);
			productName = "wallet-example";
			productReference = 2BF7386D2D9C61150084D3E9 /* wallet-example.app */;
			productType = "com.apple.product-type.application";
		};
/* End PBXNativeTarget section */

/* Begin PBXProject section */
		2BF738652D9C61150084D3E9 /* Project object */ = {
			isa = PBXProject;
			attributes = {
				BuildIndependentTargetsInParallel = 1;
				LastSwiftUpdateCheck = 1620;
				LastUpgradeCheck = 1620;
				TargetAttributes = {
					2BF7386C2D9C61150084D3E9 = {
						CreatedOnToolsVersion = 16.2;
					};
				};
			};
			buildConfigurationList = 2BF738682D9C61150084D3E9 /* Build configuration list for PBXProject "wallet-example" */;
			developmentRegion = en;
			hasScannedForEncodings = 0;
			knownRegions = (
				en,
				Base,
			);
			mainGroup = 2BF738642D9C61150084D3E9;
			minimizedProjectReferenceProxies = 1;
			packageReferences = (
				2BDD61782D9D541000E7A929 /* XCRemoteSwiftPackageReference "Starscream" */,
				2BDD61BD2D9D61CF00E7A929 /* XCRemoteSwiftPackageReference "Web3.swift" */,
				2BA5EC3C2D9D64B900F70F84 /* XCRemoteSwiftPackageReference "reown-swift" */,
				2B12886A2D9F36370056CAB7 /* XCRemoteSwiftPackageReference "solana-swift" */,
				2B12886D2D9F3AF00056CAB7 /* XCRemoteSwiftPackageReference "swiftui-async-button" */,
			);
			preferredProjectObjectVersion = 77;
			productRefGroup = 2BF7386E2D9C61150084D3E9 /* Products */;
			projectDirPath = "";
			projectRoot = "";
			targets = (
				2BF7386C2D9C61150084D3E9 /* wallet-example */,
			);
		};
/* End PBXProject section */

/* Begin PBXResourcesBuildPhase section */
		2BF7386B2D9C61150084D3E9 /* Resources */ = {
			isa = PBXResourcesBuildPhase;
			buildActionMask = 2147483647;
			files = (
			);
			runOnlyForDeploymentPostprocessing = 0;
		};
/* End PBXResourcesBuildPhase section */

/* Begin PBXSourcesBuildPhase section */
		2BF738692D9C61150084D3E9 /* Sources */ = {
			isa = PBXSourcesBuildPhase;
			buildActionMask = 2147483647;
			files = (
			);
			runOnlyForDeploymentPostprocessing = 0;
		};
/* End PBXSourcesBuildPhase section */

/* Begin XCBuildConfiguration section */
		2BF738792D9C61170084D3E9 /* Debug */ = {
			isa = XCBuildConfiguration;
			buildSettings = {
				ALWAYS_SEARCH_USER_PATHS = NO;
				ASSETCATALOG_COMPILER_GENERATE_SWIFT_ASSET_SYMBOL_EXTENSIONS = YES;
				CLANG_ANALYZER_NONNULL = YES;
				CLANG_ANALYZER_NUMBER_OBJECT_CONVERSION = YES_AGGRESSIVE;
				CLANG_CXX_LANGUAGE_STANDARD = "gnu++20";
				CLANG_ENABLE_MODULES = YES;
				CLANG_ENABLE_OBJC_ARC = YES;
				CLANG_ENABLE_OBJC_WEAK = YES;
				CLANG_WARN_BLOCK_CAPTURE_AUTORELEASING = YES;
				CLANG_WARN_BOOL_CONVERSION = YES;
				CLANG_WARN_COMMA = YES;
				CLANG_WARN_CONSTANT_CONVERSION = YES;
				CLANG_WARN_DEPRECATED_OBJC_IMPLEMENTATIONS = YES;
				CLANG_WARN_DIRECT_OBJC_ISA_USAGE = YES_ERROR;
				CLANG_WARN_DOCUMENTATION_COMMENTS = YES;
				CLANG_WARN_EMPTY_BODY = YES;
				CLANG_WARN_ENUM_CONVERSION = YES;
				CLANG_WARN_INFINITE_RECURSION = YES;
				CLANG_WARN_INT_CONVERSION = YES;
				CLANG_WARN_NON_LITERAL_NULL_CONVERSION = YES;
				CLANG_WARN_OBJC_IMPLICIT_RETAIN_SELF = YES;
				CLANG_WARN_OBJC_LITERAL_CONVERSION = YES;
				CLANG_WARN_OBJC_ROOT_CLASS = YES_ERROR;
				CLANG_WARN_QUOTED_INCLUDE_IN_FRAMEWORK_HEADER = YES;
				CLANG_WARN_RANGE_LOOP_ANALYSIS = YES;
				CLANG_WARN_STRICT_PROTOTYPES = YES;
				CLANG_WARN_SUSPICIOUS_MOVE = YES;
				CLANG_WARN_UNGUARDED_AVAILABILITY = YES_AGGRESSIVE;
				CLANG_WARN_UNREACHABLE_CODE = YES;
				CLANG_WARN__DUPLICATE_METHOD_MATCH = YES;
				COPY_PHASE_STRIP = NO;
				DEBUG_INFORMATION_FORMAT = dwarf;
				ENABLE_STRICT_OBJC_MSGSEND = YES;
				ENABLE_TESTABILITY = YES;
				ENABLE_USER_SCRIPT_SANDBOXING = YES;
				GCC_C_LANGUAGE_STANDARD = gnu17;
				GCC_DYNAMIC_NO_PIC = NO;
				GCC_NO_COMMON_BLOCKS = YES;
				GCC_OPTIMIZATION_LEVEL = 0;
				GCC_PREPROCESSOR_DEFINITIONS = (
					"DEBUG=1",
					"$(inherited)",
				);
				GCC_WARN_64_TO_32_BIT_CONVERSION = YES;
				GCC_WARN_ABOUT_RETURN_TYPE = YES_ERROR;
				GCC_WARN_UNDECLARED_SELECTOR = YES;
				GCC_WARN_UNINITIALIZED_AUTOS = YES_AGGRESSIVE;
				GCC_WARN_UNUSED_FUNCTION = YES;
				GCC_WARN_UNUSED_VARIABLE = YES;
				IPHONEOS_DEPLOYMENT_TARGET = 18.2;
				LOCALIZATION_PREFERS_STRING_CATALOGS = YES;
				MTL_ENABLE_DEBUG_INFO = INCLUDE_SOURCE;
				MTL_FAST_MATH = YES;
				ONLY_ACTIVE_ARCH = YES;
				SDKROOT = iphoneos;
				SWIFT_ACTIVE_COMPILATION_CONDITIONS = "DEBUG $(inherited)";
				SWIFT_OPTIMIZATION_LEVEL = "-Onone";
			};
			name = Debug;
		};
		2BF7387A2D9C61170084D3E9 /* Release */ = {
			isa = XCBuildConfiguration;
			buildSettings = {
				ALWAYS_SEARCH_USER_PATHS = NO;
				ASSETCATALOG_COMPILER_GENERATE_SWIFT_ASSET_SYMBOL_EXTENSIONS = YES;
				CLANG_ANALYZER_NONNULL = YES;
				CLANG_ANALYZER_NUMBER_OBJECT_CONVERSION = YES_AGGRESSIVE;
				CLANG_CXX_LANGUAGE_STANDARD = "gnu++20";
				CLANG_ENABLE_MODULES = YES;
				CLANG_ENABLE_OBJC_ARC = YES;
				CLANG_ENABLE_OBJC_WEAK = YES;
				CLANG_WARN_BLOCK_CAPTURE_AUTORELEASING = YES;
				CLANG_WARN_BOOL_CONVERSION = YES;
				CLANG_WARN_COMMA = YES;
				CLANG_WARN_CONSTANT_CONVERSION = YES;
				CLANG_WARN_DEPRECATED_OBJC_IMPLEMENTATIONS = YES;
				CLANG_WARN_DIRECT_OBJC_ISA_USAGE = YES_ERROR;
				CLANG_WARN_DOCUMENTATION_COMMENTS = YES;
				CLANG_WARN_EMPTY_BODY = YES;
				CLANG_WARN_ENUM_CONVERSION = YES;
				CLANG_WARN_INFINITE_RECURSION = YES;
				CLANG_WARN_INT_CONVERSION = YES;
				CLANG_WARN_NON_LITERAL_NULL_CONVERSION = YES;
				CLANG_WARN_OBJC_IMPLICIT_RETAIN_SELF = YES;
				CLANG_WARN_OBJC_LITERAL_CONVERSION = YES;
				CLANG_WARN_OBJC_ROOT_CLASS = YES_ERROR;
				CLANG_WARN_QUOTED_INCLUDE_IN_FRAMEWORK_HEADER = YES;
				CLANG_WARN_RANGE_LOOP_ANALYSIS = YES;
				CLANG_WARN_STRICT_PROTOTYPES = YES;
				CLANG_WARN_SUSPICIOUS_MOVE = YES;
				CLANG_WARN_UNGUARDED_AVAILABILITY = YES_AGGRESSIVE;
				CLANG_WARN_UNREACHABLE_CODE = YES;
				CLANG_WARN__DUPLICATE_METHOD_MATCH = YES;
				COPY_PHASE_STRIP = NO;
				DEBUG_INFORMATION_FORMAT = "dwarf-with-dsym";
				ENABLE_NS_ASSERTIONS = NO;
				ENABLE_STRICT_OBJC_MSGSEND = YES;
				ENABLE_USER_SCRIPT_SANDBOXING = YES;
				GCC_C_LANGUAGE_STANDARD = gnu17;
				GCC_NO_COMMON_BLOCKS = YES;
				GCC_WARN_64_TO_32_BIT_CONVERSION = YES;
				GCC_WARN_ABOUT_RETURN_TYPE = YES_ERROR;
				GCC_WARN_UNDECLARED_SELECTOR = YES;
				GCC_WARN_UNINITIALIZED_AUTOS = YES_AGGRESSIVE;
				GCC_WARN_UNUSED_FUNCTION = YES;
				GCC_WARN_UNUSED_VARIABLE = YES;
				IPHONEOS_DEPLOYMENT_TARGET = 18.2;
				LOCALIZATION_PREFERS_STRING_CATALOGS = YES;
				MTL_ENABLE_DEBUG_INFO = NO;
				MTL_FAST_MATH = YES;
				SDKROOT = iphoneos;
				SWIFT_COMPILATION_MODE = wholemodule;
				VALIDATE_PRODUCT = YES;
			};
			name = Release;
		};
		2BF7387C2D9C61170084D3E9 /* Debug */ = {
			isa = XCBuildConfiguration;
			buildSettings = {
				ASSETCATALOG_COMPILER_APPICON_NAME = AppIcon;
				ASSETCATALOG_COMPILER_GLOBAL_ACCENT_COLOR_NAME = AccentColor;
				CODE_SIGN_ENTITLEMENTS = "wallet-example/wallet-example.entitlements";
				CODE_SIGN_STYLE = Automatic;
				CURRENT_PROJECT_VERSION = 1;
				DEVELOPMENT_ASSET_PATHS = "\"wallet-example/Preview Content\"";
				DEVELOPMENT_TEAM = 645UJY698H;
				ENABLE_PREVIEWS = YES;
				GENERATE_INFOPLIST_FILE = YES;
				INFOPLIST_FILE = "";
				INFOPLIST_KEY_UIApplicationSceneManifest_Generation = YES;
				INFOPLIST_KEY_UIApplicationSupportsIndirectInputEvents = YES;
				INFOPLIST_KEY_UILaunchScreen_Generation = YES;
				INFOPLIST_KEY_UISupportedInterfaceOrientations_iPad = "UIInterfaceOrientationPortrait UIInterfaceOrientationPortraitUpsideDown UIInterfaceOrientationLandscapeLeft UIInterfaceOrientationLandscapeRight";
				INFOPLIST_KEY_UISupportedInterfaceOrientations_iPhone = "UIInterfaceOrientationPortrait UIInterfaceOrientationLandscapeLeft UIInterfaceOrientationLandscapeRight";
				LD_RUNPATH_SEARCH_PATHS = (
					"$(inherited)",
					"@executable_path/Frameworks",
				);
				MARKETING_VERSION = 1.0;
				PRODUCT_BUNDLE_IDENTIFIER = "DariaKozlovska.wallet-example";
				PRODUCT_NAME = "$(TARGET_NAME)";
				SWIFT_EMIT_LOC_STRINGS = YES;
				SWIFT_VERSION = 5.0;
				TARGETED_DEVICE_FAMILY = "1,2";
			};
			name = Debug;
		};
		2BF7387D2D9C61170084D3E9 /* Release */ = {
			isa = XCBuildConfiguration;
			buildSettings = {
				ASSETCATALOG_COMPILER_APPICON_NAME = AppIcon;
				ASSETCATALOG_COMPILER_GLOBAL_ACCENT_COLOR_NAME = AccentColor;
				CODE_SIGN_ENTITLEMENTS = "wallet-example/wallet-example.entitlements";
				CODE_SIGN_STYLE = Automatic;
				CURRENT_PROJECT_VERSION = 1;
				DEVELOPMENT_ASSET_PATHS = "\"wallet-example/Preview Content\"";
				DEVELOPMENT_TEAM = 645UJY698H;
				ENABLE_PREVIEWS = YES;
				GENERATE_INFOPLIST_FILE = YES;
				INFOPLIST_FILE = "";
				INFOPLIST_KEY_UIApplicationSceneManifest_Generation = YES;
				INFOPLIST_KEY_UIApplicationSupportsIndirectInputEvents = YES;
				INFOPLIST_KEY_UILaunchScreen_Generation = YES;
				INFOPLIST_KEY_UISupportedInterfaceOrientations_iPad = "UIInterfaceOrientationPortrait UIInterfaceOrientationPortraitUpsideDown UIInterfaceOrientationLandscapeLeft UIInterfaceOrientationLandscapeRight";
				INFOPLIST_KEY_UISupportedInterfaceOrientations_iPhone = "UIInterfaceOrientationPortrait UIInterfaceOrientationLandscapeLeft UIInterfaceOrientationLandscapeRight";
				LD_RUNPATH_SEARCH_PATHS = (
					"$(inherited)",
					"@executable_path/Frameworks",
				);
				MARKETING_VERSION = 1.0;
				PRODUCT_BUNDLE_IDENTIFIER = "DariaKozlovska.wallet-example";
				PRODUCT_NAME = "$(TARGET_NAME)";
				SWIFT_EMIT_LOC_STRINGS = YES;
				SWIFT_VERSION = 5.0;
				TARGETED_DEVICE_FAMILY = "1,2";
			};
			name = Release;
		};
/* End XCBuildConfiguration section */

/* Begin XCConfigurationList section */
		2BF738682D9C61150084D3E9 /* Build configuration list for PBXProject "wallet-example" */ = {
			isa = XCConfigurationList;
			buildConfigurations = (
				2BF738792D9C61170084D3E9 /* Debug */,
				2BF7387A2D9C61170084D3E9 /* Release */,
			);
			defaultConfigurationIsVisible = 0;
			defaultConfigurationName = Release;
		};
		2BF7387B2D9C61170084D3E9 /* Build configuration list for PBXNativeTarget "wallet-example" */ = {
			isa = XCConfigurationList;
			buildConfigurations = (
				2BF7387C2D9C61170084D3E9 /* Debug */,
				2BF7387D2D9C61170084D3E9 /* Release */,
			);
			defaultConfigurationIsVisible = 0;
			defaultConfigurationName = Release;
		};
/* End XCConfigurationList section */

/* Begin XCRemoteSwiftPackageReference section */
		2B12886A2D9F36370056CAB7 /* XCRemoteSwiftPackageReference "solana-swift" */ = {
			isa = XCRemoteSwiftPackageReference;
			repositoryURL = "https://github.com/p2p-org/solana-swift";
			requirement = {
				kind = upToNextMajorVersion;
				minimumVersion = 5.0.0;
			};
		};
		2B12886D2D9F3AF00056CAB7 /* XCRemoteSwiftPackageReference "swiftui-async-button" */ = {
			isa = XCRemoteSwiftPackageReference;
			repositoryURL = "https://github.com/lorenzofiamingo/swiftui-async-button.git";
			requirement = {
				kind = upToNextMajorVersion;
				minimumVersion = 1.1.0;
			};
		};
		2BA5EC3C2D9D64B900F70F84 /* XCRemoteSwiftPackageReference "reown-swift" */ = {
			isa = XCRemoteSwiftPackageReference;
			repositoryURL = "https://github.com/reown-com/reown-swift";
			requirement = {
				kind = upToNextMajorVersion;
				minimumVersion = 1.5.3;
			};
		};
		2BDD61782D9D541000E7A929 /* XCRemoteSwiftPackageReference "Starscream" */ = {
			isa = XCRemoteSwiftPackageReference;
			repositoryURL = "https://github.com/daltoniam/Starscream.git";
			requirement = {
				kind = exactVersion;
				version = 3.1.2;
			};
		};
		2BDD61BD2D9D61CF00E7A929 /* XCRemoteSwiftPackageReference "Web3.swift" */ = {
			isa = XCRemoteSwiftPackageReference;
			repositoryURL = "https://github.com/Boilertalk/Web3.swift.git";
			requirement = {
				kind = upToNextMajorVersion;
				minimumVersion = 0.8.8;
			};
		};
/* End XCRemoteSwiftPackageReference section */

/* Begin XCSwiftPackageProductDependency section */
		2B12886B2D9F36370056CAB7 /* SolanaSwift */ = {
			isa = XCSwiftPackageProductDependency;
			package = 2B12886A2D9F36370056CAB7 /* XCRemoteSwiftPackageReference "solana-swift" */;
			productName = SolanaSwift;
		};
		2B12886E2D9F3AF00056CAB7 /* AsyncButton */ = {
			isa = XCSwiftPackageProductDependency;
			package = 2B12886D2D9F3AF00056CAB7 /* XCRemoteSwiftPackageReference "swiftui-async-button" */;
			productName = AsyncButton;
		};
		2BA5EC3D2D9D64B900F70F84 /* ReownAppKit */ = {
			isa = XCSwiftPackageProductDependency;
			package = 2BA5EC3C2D9D64B900F70F84 /* XCRemoteSwiftPackageReference "reown-swift" */;
			productName = ReownAppKit;
		};
		2BA5EC3F2D9D64B900F70F84 /* ReownAppKitUI */ = {
			isa = XCSwiftPackageProductDependency;
			package = 2BA5EC3C2D9D64B900F70F84 /* XCRemoteSwiftPackageReference "reown-swift" */;
			productName = ReownAppKitUI;
		};
		2BA5EC412D9D64B900F70F84 /* ReownRouter */ = {
			isa = XCSwiftPackageProductDependency;
			package = 2BA5EC3C2D9D64B900F70F84 /* XCRemoteSwiftPackageReference "reown-swift" */;
			productName = ReownRouter;
		};
		2BA5EC432D9D64B900F70F84 /* ReownWalletKit */ = {
			isa = XCSwiftPackageProductDependency;
			package = 2BA5EC3C2D9D64B900F70F84 /* XCRemoteSwiftPackageReference "reown-swift" */;
			productName = ReownWalletKit;
		};
		2BA5EC452D9D64B900F70F84 /* WalletConnect */ = {
			isa = XCSwiftPackageProductDependency;
			package = 2BA5EC3C2D9D64B900F70F84 /* XCRemoteSwiftPackageReference "reown-swift" */;
			productName = WalletConnect;
		};
		2BA5EC472D9D64B900F70F84 /* WalletConnectIdentity */ = {
			isa = XCSwiftPackageProductDependency;
			package = 2BA5EC3C2D9D64B900F70F84 /* XCRemoteSwiftPackageReference "reown-swift" */;
			productName = WalletConnectIdentity;
		};
		2BA5EC492D9D64B900F70F84 /* WalletConnectNetworking */ = {
			isa = XCSwiftPackageProductDependency;
			package = 2BA5EC3C2D9D64B900F70F84 /* XCRemoteSwiftPackageReference "reown-swift" */;
			productName = WalletConnectNetworking;
		};
		2BA5EC4B2D9D64B900F70F84 /* WalletConnectNotify */ = {
			isa = XCSwiftPackageProductDependency;
			package = 2BA5EC3C2D9D64B900F70F84 /* XCRemoteSwiftPackageReference "reown-swift" */;
			productName = WalletConnectNotify;
		};
		2BA5EC4D2D9D64B900F70F84 /* WalletConnectPairing */ = {
			isa = XCSwiftPackageProductDependency;
			package = 2BA5EC3C2D9D64B900F70F84 /* XCRemoteSwiftPackageReference "reown-swift" */;
			productName = WalletConnectPairing;
		};
		2BA5EC4F2D9D64B900F70F84 /* WalletConnectPush */ = {
			isa = XCSwiftPackageProductDependency;
			package = 2BA5EC3C2D9D64B900F70F84 /* XCRemoteSwiftPackageReference "reown-swift" */;
			productName = WalletConnectPush;
		};
		2BA5EC512D9D64B900F70F84 /* WalletConnectVerify */ = {
			isa = XCSwiftPackageProductDependency;
			package = 2BA5EC3C2D9D64B900F70F84 /* XCRemoteSwiftPackageReference "reown-swift" */;
			productName = WalletConnectVerify;
		};
		2BA5EC532D9D64B900F70F84 /* YttriumWrapper */ = {
			isa = XCSwiftPackageProductDependency;
			package = 2BA5EC3C2D9D64B900F70F84 /* XCRemoteSwiftPackageReference "reown-swift" */;
			productName = YttriumWrapper;
		};
		2BDD61792D9D541000E7A929 /* Starscream */ = {
			isa = XCSwiftPackageProductDependency;
			package = 2BDD61782D9D541000E7A929 /* XCRemoteSwiftPackageReference "Starscream" */;
			productName = Starscream;
		};
		2BDD61BE2D9D61CF00E7A929 /* Web3 */ = {
			isa = XCSwiftPackageProductDependency;
			package = 2BDD61BD2D9D61CF00E7A929 /* XCRemoteSwiftPackageReference "Web3.swift" */;
			productName = Web3;
		};
		2BDD61C02D9D61CF00E7A929 /* Web3ContractABI */ = {
			isa = XCSwiftPackageProductDependency;
			package = 2BDD61BD2D9D61CF00E7A929 /* XCRemoteSwiftPackageReference "Web3.swift" */;
			productName = Web3ContractABI;
		};
		2BDD61C22D9D61CF00E7A929 /* Web3PromiseKit */ = {
			isa = XCSwiftPackageProductDependency;
			package = 2BDD61BD2D9D61CF00E7A929 /* XCRemoteSwiftPackageReference "Web3.swift" */;
			productName = Web3PromiseKit;
		};
/* End XCSwiftPackageProductDependency section */
	};
	rootObject = 2BF738652D9C61150084D3E9 /* Project object */;
}
